
Microsoft Visual Studio Solution File, Format Version 12.00
# Visual Studio Version 17
VisualStudioVersion = 17.11.35312.102
MinimumVisualStudioVersion = 10.0.40219.1
Project("{FAE04EC0-301F-11D3-BF4B-00C04F79EFBC}") = "Noam_2024_HTML", "Noam_2024_HTML\Noam_2024_HTML.csproj", "{D2B947DA-C81E-4844-A1D6-53F414984334}"
EndProject
Global
	GlobalSection(SolutionConfigurationPlatforms) = preSolution
		Debug|Any CPU = Debug|Any CPU
		Release|Any CPU = Release|Any CPU
	EndGlobalSection
	GlobalSection(ProjectConfigurationPlatforms) = postSolution
		{D2B947DA-C81E-4844-A1D6-53F414984334}.Debug|Any CPU.ActiveCfg = Debug|Any CPU
		{D2B947DA-C81E-4844-A1D6-53F414984334}.Debug|Any CPU.Build.0 = Debug|Any CPU
		{D2B947DA-C81E-4844-A1D6-53F414984334}.Release|Any CPU.ActiveCfg = Release|Any CPU
		{D2B947DA-C81E-4844-A1D6-53F414984334}.Release|Any CPU.Build.0 = Release|Any CPU
	EndGlobalSection
	GlobalSection(SolutionProperties) = preSolution
		HideSolutionNode = FALSE
	EndGlobalSection
	GlobalSection(ExtensibilityGlobals) = postSolution
		SolutionGuid = {BCE4B322-6D34-4A3A-B337-747614F01C9E}
	EndGlobalSection
EndGlobal
